
Microsoft Visual Studio Solution File, Format Version 12.00
# Visual Studio Version 17
VisualStudioVersion = 17.0.31903.59
MinimumVisualStudioVersion = 10.0.40219.1
Project("{9A19103F-16F7-4668-BE54-9A1E7A4F7556}") = "AdventOfCode.Shared", "AdventOfCode.Shared\AdventOfCode.Shared.csproj", "{7BB757E6-A3A8-4844-995B-1067ACF272CA}"
EndProject
Project("{9A19103F-16F7-4668-BE54-9A1E7A4F7556}") = "AdventOfCode.2021", "AdventOfCode.2021\AdventOfCode.2021.csproj", "{5F405330-4588-4AD4-88A0-9B83FC63D649}"
EndProject
Project("{9A19103F-16F7-4668-BE54-9A1E7A4F7556}") = "AdventOfCode.2021.Tests", "AdventOfCode.2021.Tests\AdventOfCode.2021.Tests.csproj", "{642B4808-9F4E-4705-9E69-8C5F7DCDB21D}"
EndProject
Global
	GlobalSection(SolutionConfigurationPlatforms) = preSolution
		Debug|Any CPU = Debug|Any CPU
		Release|Any CPU = Release|Any CPU
	EndGlobalSection
	GlobalSection(ProjectConfigurationPlatforms) = postSolution
		{7BB757E6-A3A8-4844-995B-1067ACF272CA}.Debug|Any CPU.ActiveCfg = Debug|Any CPU
		{7BB757E6-A3A8-4844-995B-1067ACF272CA}.Debug|Any CPU.Build.0 = Debug|Any CPU
		{7BB757E6-A3A8-4844-995B-1067ACF272CA}.Release|Any CPU.ActiveCfg = Release|Any CPU
		{7BB757E6-A3A8-4844-995B-1067ACF272CA}.Release|Any CPU.Build.0 = Release|Any CPU
		{5F405330-4588-4AD4-88A0-9B83FC63D649}.Debug|Any CPU.ActiveCfg = Debug|Any CPU
		{5F405330-4588-4AD4-88A0-9B83FC63D649}.Debug|Any CPU.Build.0 = Debug|Any CPU
		{5F405330-4588-4AD4-88A0-9B83FC63D649}.Release|Any CPU.ActiveCfg = Release|Any CPU
		{5F405330-4588-4AD4-88A0-9B83FC63D649}.Release|Any CPU.Build.0 = Release|Any CPU
		{642B4808-9F4E-4705-9E69-8C5F7DCDB21D}.Debug|Any CPU.ActiveCfg = Debug|Any CPU
		{642B4808-9F4E-4705-9E69-8C5F7DCDB21D}.Debug|Any CPU.Build.0 = Debug|Any CPU
		{642B4808-9F4E-4705-9E69-8C5F7DCDB21D}.Release|Any CPU.ActiveCfg = Release|Any CPU
		{642B4808-9F4E-4705-9E69-8C5F7DCDB21D}.Release|Any CPU.Build.0 = Release|Any CPU
	EndGlobalSection
	GlobalSection(SolutionProperties) = preSolution
		HideSolutionNode = FALSE
	EndGlobalSection
	GlobalSection(ExtensibilityGlobals) = postSolution
		SolutionGuid = {FA5ECF93-FB9D-4017-93EF-ED7706C7081B}
	EndGlobalSection
EndGlobal
